<Solution>
  <Project Path="AetherFrame/AetherFrame.csproj">
    <Platform Project="x64" />
  </Project>
  <Project Path="AetherFrame.Tests/AetherFrame.Tests.csproj" />
  <Project Path="tools/AetherFrame.ReleaseTools/AetherFrame.ReleaseTools.csproj" />
  <Project Path="tools/AetherFrame.ReleaseTools.Tests/AetherFrame.ReleaseTools.Tests.csproj" />
</Solution>
