{
  "version": 1,
  "dependencies": {
    "net10.0": {
      "SixLabors.ImageSharp": {
        "type": "Direct",
        "requested": "[4.1.2, )",
        "resolved": "4.1.2",
        "contentHash": "AQ0oouhH/6qmXJC70/k50iVt7SiZRjCgd4tXXiC5ZrB5CvyBwA81HTqb5twcXz8CvTAFxUNV0TAcL83OhyRA1g==",
        "dependencies": {
          "System.IO.Hashing": "8.0.0"
        }
      },
      "System.IO.Hashing": {
        "type": "Transitive",
        "resolved": "8.0.0",
        "contentHash": "ne1843evDugl0md7Fjzy6QjJrzsjh46ZKbhf8GwBXb5f/gw97J4bxMs0NQKifDuThh/f0bZ0e62NPl1jzTuRqA=="
      }
    }
  }
}